
Microsoft Visual Studio Solution File, Format Version 12.00
# Visual Studio Version 16
VisualStudioVersion = 16.0.32630.194
MinimumVisualStudioVersion = 10.0.40219.1
Project("{FAE04EC0-301F-11D3-BF4B-00C04F79EFBC}") = "Examen2", "Examen2\Examen2.csproj", "{45C7B4C7-3E3A-4628-A060-07FDD7758652}"
EndProject
Global
	GlobalSection(SolutionConfigurationPlatforms) = preSolution
		Debug|Any CPU = Debug|Any CPU
		Release|Any CPU = Release|Any CPU
	EndGlobalSection
	GlobalSection(ProjectConfigurationPlatforms) = postSolution
		{45C7B4C7-3E3A-4628-A060-07FDD7758652}.Debug|Any CPU.ActiveCfg = Debug|Any CPU
		{45C7B4C7-3E3A-4628-A060-07FDD7758652}.Debug|Any CPU.Build.0 = Debug|Any CPU
		{45C7B4C7-3E3A-4628-A060-07FDD7758652}.Release|Any CPU.ActiveCfg = Release|Any CPU
		{45C7B4C7-3E3A-4628-A060-07FDD7758652}.Release|Any CPU.Build.0 = Release|Any CPU
	EndGlobalSection
	GlobalSection(SolutionProperties) = preSolution
		HideSolutionNode = FALSE
	EndGlobalSection
	GlobalSection(ExtensibilityGlobals) = postSolution
		SolutionGuid = {D62B3A4C-CA59-4171-ADB6-1F506C35DFFF}
	EndGlobalSection
EndGlobal
